// !$*UTF8*$!
{
	archiveVersion = 1;
	classes = {
	};
	objectVersion = 56;
	objects = {

/* Begin PBXBuildFile section */
		3F1252552D058A1700E25E5F /* FirebaseAuth in Frameworks */ = {isa = PBXBuildFile; productRef = 3F1252542D058A1700E25E5F /* FirebaseAuth */; };
		3F1252592D058A1700E25E5F /* FirebaseCore in Frameworks */ = {isa = PBXBuildFile; productRef = 3F1252582D058A1700E25E5F /* FirebaseCore */; };
		3F1252612D058A1700E25E5F /* FirebaseFirestore in Frameworks */ = {isa = PBXBuildFile; productRef = 3F1252602D058A1700E25E5F /* FirebaseFirestore */; };
		3F7FFEA22CF7288E00391A5F /* GoogleService-Info.plist in Resources */ = {isa = PBXBuildFile; fileRef = 3F7FFEA12CF7288E00391A5F /* GoogleService-Info.plist */; };
		D091C6462D20848F002BA14A /* AdminDash.storyboard in Resources */ = {isa = PBXBuildFile; fileRef = D091C6432D20848F002BA14A /* AdminDash.storyboard */; };
		D091C6472D20848F002BA14A /* UserDetailsViewController.swift in Sources */ = {isa = PBXBuildFile; fileRef = D091C6442D20848F002BA14A /* UserDetailsViewController.swift */; };
		D091C6482D20848F002BA14A /* UsersListViewController.swift in Sources */ = {isa = PBXBuildFile; fileRef = D091C6452D20848F002BA14A /* UsersListViewController.swift */; };
		D0D2992D2D24413A005BFC78 /* AdminRegisterViewController.swift in Sources */ = {isa = PBXBuildFile; fileRef = D0D299262D24413A005BFC78 /* AdminRegisterViewController.swift */; };
		E01E8EEB2D258ED500E528E8 /* User-Main.storyboard in Resources */ = {isa = PBXBuildFile; fileRef = E01E8EE32D258ED500E528E8 /* User-Main.storyboard */; };
		E01E8EEC2D258ED500E528E8 /* Admin-Main.storyboard in Resources */ = {isa = PBXBuildFile; fileRef = E01E8EE42D258ED500E528E8 /* Admin-Main.storyboard */; };
		E01E8EED2D258ED500E528E8 /* Cloudinary.swift in Sources */ = {isa = PBXBuildFile; fileRef = E01E8EE52D258ED500E528E8 /* Cloudinary.swift */; };
		E01E8EEE2D258ED500E528E8 /* ViewController.swift in Sources */ = {isa = PBXBuildFile; fileRef = E01E8EE62D258ED500E528E8 /* ViewController.swift */; };
		E01E8EEF2D258ED500E528E8 /* AppDelegate.swift in Sources */ = {isa = PBXBuildFile; fileRef = E01E8EE72D258ED500E528E8 /* AppDelegate.swift */; };
		E01E8EF02D258ED500E528E8 /* Cloudinaryfile.swift in Sources */ = {isa = PBXBuildFile; fileRef = E01E8EE82D258ED500E528E8 /* Cloudinaryfile.swift */; };
		E01E8EF12D258ED500E528E8 /* EventHelper.swift in Sources */ = {isa = PBXBuildFile; fileRef = E01E8EE92D258ED500E528E8 /* EventHelper.swift */; };
		E01E8EF22D258ED500E528E8 /* SceneDelegate.swift in Sources */ = {isa = PBXBuildFile; fileRef = E01E8EEA2D258ED500E528E8 /* SceneDelegate.swift */; };
		E01E8EFE2D258F0C00E528E8 /* dashboard.storyboard in Resources */ = {isa = PBXBuildFile; fileRef = E01E8EF62D258F0B00E528E8 /* dashboard.storyboard */; };
		E01E8EFF2D258F0C00E528E8 /* DashboardTableViewCell.swift in Sources */ = {isa = PBXBuildFile; fileRef = E01E8EF72D258F0B00E528E8 /* DashboardTableViewCell.swift */; };
		E01E8F002D258F0C00E528E8 /* DashboardViewController.swift in Sources */ = {isa = PBXBuildFile; fileRef = E01E8EF82D258F0B00E528E8 /* DashboardViewController.swift */; };
		E01E8F012D258F0C00E528E8 /* EventEditingViewController.swift in Sources */ = {isa = PBXBuildFile; fileRef = E01E8EF92D258F0B00E528E8 /* EventEditingViewController.swift */; };
		E01E8F022D258F0C00E528E8 /* explorepage.storyboard in Resources */ = {isa = PBXBuildFile; fileRef = E01E8EFA2D258F0B00E528E8 /* explorepage.storyboard */; };
		E01E8F032D258F0C00E528E8 /* ExploreTableViewCell.swift in Sources */ = {isa = PBXBuildFile; fileRef = E01E8EFB2D258F0B00E528E8 /* ExploreTableViewCell.swift */; };
		E01E8F042D258F0C00E528E8 /* ExploreViewController.swift in Sources */ = {isa = PBXBuildFile; fileRef = E01E8EFC2D258F0B00E528E8 /* ExploreViewController.swift */; };
/* End PBXBuildFile section */

/* Begin PBXFileReference section */
		3F7FFE8A2CF7281900391A5F /* EventGuru02.app */ = {isa = PBXFileReference; explicitFileType = wrapper.application; includeInIndex = 0; path = EventGuru02.app; sourceTree = BUILT_PRODUCTS_DIR; };
		3F7FFE9B2CF7281A00391A5F /* Info.plist */ = {isa = PBXFileReference; lastKnownFileType = text.plist.xml; path = Info.plist; sourceTree = "<group>"; };
		3F7FFEA12CF7288E00391A5F /* GoogleService-Info.plist */ = {isa = PBXFileReference; fileEncoding = 4; lastKnownFileType = text.plist.xml; path = "GoogleService-Info.plist"; sourceTree = "<group>"; };
		D091C6432D20848F002BA14A /* AdminDash.storyboard */ = {isa = PBXFileReference; fileEncoding = 4; lastKnownFileType = file.storyboard; path = AdminDash.storyboard; sourceTree = "<group>"; };
		D091C6442D20848F002BA14A /* UserDetailsViewController.swift */ = {isa = PBXFileReference; fileEncoding = 4; lastKnownFileType = sourcecode.swift; path = UserDetailsViewController.swift; sourceTree = "<group>"; };
		D091C6452D20848F002BA14A /* UsersListViewController.swift */ = {isa = PBXFileReference; fileEncoding = 4; lastKnownFileType = sourcecode.swift; path = UsersListViewController.swift; sourceTree = "<group>"; };
		D0D299262D24413A005BFC78 /* AdminRegisterViewController.swift */ = {isa = PBXFileReference; lastKnownFileType = sourcecode.swift; path = AdminRegisterViewController.swift; sourceTree = "<group>"; };
		E01E8EE32D258ED500E528E8 /* User-Main.storyboard */ = {isa = PBXFileReference; fileEncoding = 4; lastKnownFileType = file.storyboard; path = "User-Main.storyboard"; sourceTree = "<group>"; };
		E01E8EE42D258ED500E528E8 /* Admin-Main.storyboard */ = {isa = PBXFileReference; fileEncoding = 4; lastKnownFileType = file.storyboard; path = "Admin-Main.storyboard"; sourceTree = "<group>"; };
		E01E8EE52D258ED500E528E8 /* Cloudinary.swift */ = {isa = PBXFileReference; fileEncoding = 4; lastKnownFileType = sourcecode.swift; path = Cloudinary.swift; sourceTree = "<group>"; };
		E01E8EE62D258ED500E528E8 /* ViewController.swift */ = {isa = PBXFileReference; fileEncoding = 4; lastKnownFileType = sourcecode.swift; path = ViewController.swift; sourceTree = "<group>"; };
		E01E8EE72D258ED500E528E8 /* AppDelegate.swift */ = {isa = PBXFileReference; fileEncoding = 4; lastKnownFileType = sourcecode.swift; path = AppDelegate.swift; sourceTree = "<group>"; };
		E01E8EE82D258ED500E528E8 /* Cloudinaryfile.swift */ = {isa = PBXFileReference; fileEncoding = 4; lastKnownFileType = sourcecode.swift; path = Cloudinaryfile.swift; sourceTree = "<group>"; };
		E01E8EE92D258ED500E528E8 /* EventHelper.swift */ = {isa = PBXFileReference; fileEncoding = 4; lastKnownFileType = sourcecode.swift; path = EventHelper.swift; sourceTree = "<group>"; };
		E01E8EEA2D258ED500E528E8 /* SceneDelegate.swift */ = {isa = PBXFileReference; fileEncoding = 4; lastKnownFileType = sourcecode.swift; path = SceneDelegate.swift; sourceTree = "<group>"; };
		E01E8EF62D258F0B00E528E8 /* dashboard.storyboard */ = {isa = PBXFileReference; fileEncoding = 4; lastKnownFileType = file.storyboard; path = dashboard.storyboard; sourceTree = "<group>"; };
		E01E8EF72D258F0B00E528E8 /* DashboardTableViewCell.swift */ = {isa = PBXFileReference; fileEncoding = 4; lastKnownFileType = sourcecode.swift; path = DashboardTableViewCell.swift; sourceTree = "<group>"; };
		E01E8EF82D258F0B00E528E8 /* DashboardViewController.swift */ = {isa = PBXFileReference; fileEncoding = 4; lastKnownFileType = sourcecode.swift; path = DashboardViewController.swift; sourceTree = "<group>"; };
		E01E8EF92D258F0B00E528E8 /* EventEditingViewController.swift */ = {isa = PBXFileReference; fileEncoding = 4; lastKnownFileType = sourcecode.swift; path = EventEditingViewController.swift; sourceTree = "<group>"; };
		E01E8EFA2D258F0B00E528E8 /* explorepage.storyboard */ = {isa = PBXFileReference; fileEncoding = 4; lastKnownFileType = file.storyboard; path = explorepage.storyboard; sourceTree = "<group>"; };
		E01E8EFB2D258F0B00E528E8 /* ExploreTableViewCell.swift */ = {isa = PBXFileReference; fileEncoding = 4; lastKnownFileType = sourcecode.swift; path = ExploreTableViewCell.swift; sourceTree = "<group>"; };
		E01E8EFC2D258F0B00E528E8 /* ExploreViewController.swift */ = {isa = PBXFileReference; fileEncoding = 4; lastKnownFileType = sourcecode.swift; path = ExploreViewController.swift; sourceTree = "<group>"; };
/* End PBXFileReference section */

/* Begin PBXFrameworksBuildPhase section */
		3F7FFE872CF7281900391A5F /* Frameworks */ = {
			isa = PBXFrameworksBuildPhase;
			buildActionMask = 2147483647;
			files = (
				3F1252552D058A1700E25E5F /* FirebaseAuth in Frameworks */,
				3F1252612D058A1700E25E5F /* FirebaseFirestore in Frameworks */,
				3F1252592D058A1700E25E5F /* FirebaseCore in Frameworks */,
			);
			runOnlyForDeploymentPostprocessing = 0;
		};
/* End PBXFrameworksBuildPhase section */

/* Begin PBXGroup section */
		3F7FFE812CF7281900391A5F = {
			isa = PBXGroup;
			children = (
				3F7FFE8C2CF7281900391A5F /* EventGuru02 */,
				3F7FFE8B2CF7281900391A5F /* Products */,
			);
			sourceTree = "<group>";
		};
		3F7FFE8B2CF7281900391A5F /* Products */ = {
			isa = PBXGroup;
			children = (
				3F7FFE8A2CF7281900391A5F /* EventGuru02.app */,
			);
			name = Products;
			sourceTree = "<group>";
		};
		3F7FFE8C2CF7281900391A5F /* EventGuru02 */ = {
			isa = PBXGroup;
			children = (
				E01E8EF32D258F0B00E528E8 /* Abdullah */,
				E01E8EF52D258F0B00E528E8 /* Ali */,
				E01E8EF42D258F0B00E528E8 /* Fahad */,
				E01E8EFD2D258F0B00E528E8 /* Marwa */,
				D091C6422D20848F002BA14A /* Yousif */,
				3F7FFE9B2CF7281A00391A5F /* Info.plist */,
				3F7FFEA12CF7288E00391A5F /* GoogleService-Info.plist */,
				E01E8EE42D258ED500E528E8 /* Admin-Main.storyboard */,
				E01E8EE72D258ED500E528E8 /* AppDelegate.swift */,
				E01E8EE52D258ED500E528E8 /* Cloudinary.swift */,
				E01E8EE82D258ED500E528E8 /* Cloudinaryfile.swift */,
				E01E8EE92D258ED500E528E8 /* EventHelper.swift */,
				E01E8EEA2D258ED500E528E8 /* SceneDelegate.swift */,
				E01E8EE32D258ED500E528E8 /* User-Main.storyboard */,
				E01E8EE62D258ED500E528E8 /* ViewController.swift */,
			);
			path = EventGuru02;
			sourceTree = "<group>";
		};
		D091C6422D20848F002BA14A /* Yousif */ = {
			isa = PBXGroup;
			children = (
				D0D299262D24413A005BFC78 /* AdminRegisterViewController.swift */,
				D091C6432D20848F002BA14A /* AdminDash.storyboard */,
				D091C6442D20848F002BA14A /* UserDetailsViewController.swift */,
				D091C6452D20848F002BA14A /* UsersListViewController.swift */,
			);
			path = Yousif;
			sourceTree = "<group>";
		};
		E01E8EF32D258F0B00E528E8 /* Abdullah */ = {
			isa = PBXGroup;
			children = (
			);
			path = Abdullah;
			sourceTree = "<group>";
		};
		E01E8EF42D258F0B00E528E8 /* Fahad */ = {
			isa = PBXGroup;
			children = (
			);
			path = Fahad;
			sourceTree = "<group>";
		};
		E01E8EF52D258F0B00E528E8 /* Ali */ = {
			isa = PBXGroup;
			children = (
			);
			path = Ali;
			sourceTree = "<group>";
		};
		E01E8EFD2D258F0B00E528E8 /* Marwa */ = {
			isa = PBXGroup;
			children = (
				E01E8EF62D258F0B00E528E8 /* dashboard.storyboard */,
				E01E8EF72D258F0B00E528E8 /* DashboardTableViewCell.swift */,
				E01E8EF82D258F0B00E528E8 /* DashboardViewController.swift */,
				E01E8EF92D258F0B00E528E8 /* EventEditingViewController.swift */,
				E01E8EFA2D258F0B00E528E8 /* explorepage.storyboard */,
				E01E8EFB2D258F0B00E528E8 /* ExploreTableViewCell.swift */,
				E01E8EFC2D258F0B00E528E8 /* ExploreViewController.swift */,
			);
			path = Marwa;
			sourceTree = "<group>";
		};
/* End PBXGroup section */

/* Begin PBXNativeTarget section */
		3F7FFE892CF7281900391A5F /* EventGuru02 */ = {
			isa = PBXNativeTarget;
			buildConfigurationList = 3F7FFE9E2CF7281A00391A5F /* Build configuration list for PBXNativeTarget "EventGuru02" */;
			buildPhases = (
				3F7FFE862CF7281900391A5F /* Sources */,
				3F7FFE872CF7281900391A5F /* Frameworks */,
				3F7FFE882CF7281900391A5F /* Resources */,
			);
			buildRules = (
			);
			dependencies = (
			);
			name = EventGuru02;
			packageProductDependencies = (
				3F1252542D058A1700E25E5F /* FirebaseAuth */,
				3F1252582D058A1700E25E5F /* FirebaseCore */,
				3F1252602D058A1700E25E5F /* FirebaseFirestore */,
			);
			productName = EventGuru02;
			productReference = 3F7FFE8A2CF7281900391A5F /* EventGuru02.app */;
			productType = "com.apple.product-type.application";
		};
/* End PBXNativeTarget section */

/* Begin PBXProject section */
		3F7FFE822CF7281900391A5F /* Project object */ = {
			isa = PBXProject;
			attributes = {
				BuildIndependentTargetsInParallel = 1;
				LastSwiftUpdateCheck = 1520;
				LastUpgradeCheck = 1520;
				TargetAttributes = {
					3F7FFE892CF7281900391A5F = {
						CreatedOnToolsVersion = 15.2;
					};
				};
			};
			buildConfigurationList = 3F7FFE852CF7281900391A5F /* Build configuration list for PBXProject "EventGuru02" */;
			compatibilityVersion = "Xcode 14.0";
			developmentRegion = en;
			hasScannedForEncodings = 0;
			knownRegions = (
				en,
				Base,
			);
			mainGroup = 3F7FFE812CF7281900391A5F;
			packageReferences = (
				3F7FFEA32CF7290A00391A5F /* XCRemoteSwiftPackageReference "firebase-ios-sdk" */,
			);
			productRefGroup = 3F7FFE8B2CF7281900391A5F /* Products */;
			projectDirPath = "";
			projectRoot = "";
			targets = (
				3F7FFE892CF7281900391A5F /* EventGuru02 */,
			);
		};
/* End PBXProject section */

/* Begin PBXResourcesBuildPhase section */
		3F7FFE882CF7281900391A5F /* Resources */ = {
			isa = PBXResourcesBuildPhase;
			buildActionMask = 2147483647;
			files = (
				D091C6462D20848F002BA14A /* AdminDash.storyboard in Resources */,
				E01E8EFE2D258F0C00E528E8 /* dashboard.storyboard in Resources */,
				E01E8EEC2D258ED500E528E8 /* Admin-Main.storyboard in Resources */,
				E01E8F022D258F0C00E528E8 /* explorepage.storyboard in Resources */,
				3F7FFEA22CF7288E00391A5F /* GoogleService-Info.plist in Resources */,
				E01E8EEB2D258ED500E528E8 /* User-Main.storyboard in Resources */,
			);
			runOnlyForDeploymentPostprocessing = 0;
		};
/* End PBXResourcesBuildPhase section */

/* Begin PBXSourcesBuildPhase section */
		3F7FFE862CF7281900391A5F /* Sources */ = {
			isa = PBXSourcesBuildPhase;
			buildActionMask = 2147483647;
			files = (
				D0D2992D2D24413A005BFC78 /* AdminRegisterViewController.swift in Sources */,
				D091C6472D20848F002BA14A /* UserDetailsViewController.swift in Sources */,
				E01E8EF02D258ED500E528E8 /* Cloudinaryfile.swift in Sources */,
				E01E8EEF2D258ED500E528E8 /* AppDelegate.swift in Sources */,
				E01E8EFF2D258F0C00E528E8 /* DashboardTableViewCell.swift in Sources */,
				E01E8F032D258F0C00E528E8 /* ExploreTableViewCell.swift in Sources */,
				E01E8EF22D258ED500E528E8 /* SceneDelegate.swift in Sources */,
				E01E8EED2D258ED500E528E8 /* Cloudinary.swift in Sources */,
				D091C6482D20848F002BA14A /* UsersListViewController.swift in Sources */,
				E01E8F012D258F0C00E528E8 /* EventEditingViewController.swift in Sources */,
				E01E8F002D258F0C00E528E8 /* DashboardViewController.swift in Sources */,
				E01E8EEE2D258ED500E528E8 /* ViewController.swift in Sources */,
				E01E8F042D258F0C00E528E8 /* ExploreViewController.swift in Sources */,
				E01E8EF12D258ED500E528E8 /* EventHelper.swift in Sources */,
			);
			runOnlyForDeploymentPostprocessing = 0;
		};
/* End PBXSourcesBuildPhase section */

/* Begin XCBuildConfiguration section */
		3F7FFE9C2CF7281A00391A5F /* Debug */ = {
			isa = XCBuildConfiguration;
			buildSettings = {
				ALWAYS_SEARCH_USER_PATHS = NO;
				ASSETCATALOG_COMPILER_GENERATE_SWIFT_ASSET_SYMBOL_EXTENSIONS = YES;
				CLANG_ANALYZER_NONNULL = YES;
				CLANG_ANALYZER_NUMBER_OBJECT_CONVERSION = YES_AGGRESSIVE;
				CLANG_CXX_LANGUAGE_STANDARD = "gnu++20";
				CLANG_ENABLE_MODULES = YES;
				CLANG_ENABLE_OBJC_ARC = YES;
				CLANG_ENABLE_OBJC_WEAK = YES;
				CLANG_WARN_BLOCK_CAPTURE_AUTORELEASING = YES;
				CLANG_WARN_BOOL_CONVERSION = YES;
				CLANG_WARN_COMMA = YES;
				CLANG_WARN_CONSTANT_CONVERSION = YES;
				CLANG_WARN_DEPRECATED_OBJC_IMPLEMENTATIONS = YES;
				CLANG_WARN_DIRECT_OBJC_ISA_USAGE = YES_ERROR;
				CLANG_WARN_DOCUMENTATION_COMMENTS = YES;
				CLANG_WARN_EMPTY_BODY = YES;
				CLANG_WARN_ENUM_CONVERSION = YES;
				CLANG_WARN_INFINITE_RECURSION = YES;
				CLANG_WARN_INT_CONVERSION = YES;
				CLANG_WARN_NON_LITERAL_NULL_CONVERSION = YES;
				CLANG_WARN_OBJC_IMPLICIT_RETAIN_SELF = YES;
				CLANG_WARN_OBJC_LITERAL_CONVERSION = YES;
				CLANG_WARN_OBJC_ROOT_CLASS = YES_ERROR;
				CLANG_WARN_QUOTED_INCLUDE_IN_FRAMEWORK_HEADER = YES;
				CLANG_WARN_RANGE_LOOP_ANALYSIS = YES;
				CLANG_WARN_STRICT_PROTOTYPES = YES;
				CLANG_WARN_SUSPICIOUS_MOVE = YES;
				CLANG_WARN_UNGUARDED_AVAILABILITY = YES_AGGRESSIVE;
				CLANG_WARN_UNREACHABLE_CODE = YES;
				CLANG_WARN__DUPLICATE_METHOD_MATCH = YES;
				COPY_PHASE_STRIP = NO;
				DEBUG_INFORMATION_FORMAT = dwarf;
				ENABLE_STRICT_OBJC_MSGSEND = YES;
				ENABLE_TESTABILITY = YES;
				ENABLE_USER_SCRIPT_SANDBOXING = YES;
				GCC_C_LANGUAGE_STANDARD = gnu17;
				GCC_DYNAMIC_NO_PIC = NO;
				GCC_NO_COMMON_BLOCKS = YES;
				GCC_OPTIMIZATION_LEVEL = 0;
				GCC_PREPROCESSOR_DEFINITIONS = (
					"DEBUG=1",
					"$(inherited)",
				);
				GCC_WARN_64_TO_32_BIT_CONVERSION = YES;
				GCC_WARN_ABOUT_RETURN_TYPE = YES_ERROR;
				GCC_WARN_UNDECLARED_SELECTOR = YES;
				GCC_WARN_UNINITIALIZED_AUTOS = YES_AGGRESSIVE;
				GCC_WARN_UNUSED_FUNCTION = YES;
				GCC_WARN_UNUSED_VARIABLE = YES;
				IPHONEOS_DEPLOYMENT_TARGET = 17.2;
				LOCALIZATION_PREFERS_STRING_CATALOGS = YES;
				MTL_ENABLE_DEBUG_INFO = INCLUDE_SOURCE;
				MTL_FAST_MATH = YES;
				ONLY_ACTIVE_ARCH = YES;
				SDKROOT = iphoneos;
				SWIFT_ACTIVE_COMPILATION_CONDITIONS = "DEBUG $(inherited)";
				SWIFT_OPTIMIZATION_LEVEL = "-Onone";
			};
			name = Debug;
		};
		3F7FFE9D2CF7281A00391A5F /* Release */ = {
			isa = XCBuildConfiguration;
			buildSettings = {
				ALWAYS_SEARCH_USER_PATHS = NO;
				ASSETCATALOG_COMPILER_GENERATE_SWIFT_ASSET_SYMBOL_EXTENSIONS = YES;
				CLANG_ANALYZER_NONNULL = YES;
				CLANG_ANALYZER_NUMBER_OBJECT_CONVERSION = YES_AGGRESSIVE;
				CLANG_CXX_LANGUAGE_STANDARD = "gnu++20";
				CLANG_ENABLE_MODULES = YES;
				CLANG_ENABLE_OBJC_ARC = YES;
				CLANG_ENABLE_OBJC_WEAK = YES;
				CLANG_WARN_BLOCK_CAPTURE_AUTORELEASING = YES;
				CLANG_WARN_BOOL_CONVERSION = YES;
				CLANG_WARN_COMMA = YES;
				CLANG_WARN_CONSTANT_CONVERSION = YES;
				CLANG_WARN_DEPRECATED_OBJC_IMPLEMENTATIONS = YES;
				CLANG_WARN_DIRECT_OBJC_ISA_USAGE = YES_ERROR;
				CLANG_WARN_DOCUMENTATION_COMMENTS = YES;
				CLANG_WARN_EMPTY_BODY = YES;
				CLANG_WARN_ENUM_CONVERSION = YES;
				CLANG_WARN_INFINITE_RECURSION = YES;
				CLANG_WARN_INT_CONVERSION = YES;
				CLANG_WARN_NON_LITERAL_NULL_CONVERSION = YES;
				CLANG_WARN_OBJC_IMPLICIT_RETAIN_SELF = YES;
				CLANG_WARN_OBJC_LITERAL_CONVERSION = YES;
				CLANG_WARN_OBJC_ROOT_CLASS = YES_ERROR;
				CLANG_WARN_QUOTED_INCLUDE_IN_FRAMEWORK_HEADER = YES;
				CLANG_WARN_RANGE_LOOP_ANALYSIS = YES;
				CLANG_WARN_STRICT_PROTOTYPES = YES;
				CLANG_WARN_SUSPICIOUS_MOVE = YES;
				CLANG_WARN_UNGUARDED_AVAILABILITY = YES_AGGRESSIVE;
				CLANG_WARN_UNREACHABLE_CODE = YES;
				CLANG_WARN__DUPLICATE_METHOD_MATCH = YES;
				COPY_PHASE_STRIP = NO;
				DEBUG_INFORMATION_FORMAT = "dwarf-with-dsym";
				ENABLE_NS_ASSERTIONS = NO;
				ENABLE_STRICT_OBJC_MSGSEND = YES;
				ENABLE_USER_SCRIPT_SANDBOXING = YES;
				GCC_C_LANGUAGE_STANDARD = gnu17;
				GCC_NO_COMMON_BLOCKS = YES;
				GCC_WARN_64_TO_32_BIT_CONVERSION = YES;
				GCC_WARN_ABOUT_RETURN_TYPE = YES_ERROR;
				GCC_WARN_UNDECLARED_SELECTOR = YES;
				GCC_WARN_UNINITIALIZED_AUTOS = YES_AGGRESSIVE;
				GCC_WARN_UNUSED_FUNCTION = YES;
				GCC_WARN_UNUSED_VARIABLE = YES;
				IPHONEOS_DEPLOYMENT_TARGET = 17.2;
				LOCALIZATION_PREFERS_STRING_CATALOGS = YES;
				MTL_ENABLE_DEBUG_INFO = NO;
				MTL_FAST_MATH = YES;
				SDKROOT = iphoneos;
				SWIFT_COMPILATION_MODE = wholemodule;
				VALIDATE_PRODUCT = YES;
			};
			name = Release;
		};
		3F7FFE9F2CF7281A00391A5F /* Debug */ = {
			isa = XCBuildConfiguration;
			buildSettings = {
				ASSETCATALOG_COMPILER_APPICON_NAME = AppIcon;
				ASSETCATALOG_COMPILER_GLOBAL_ACCENT_COLOR_NAME = AccentColor;
				CODE_SIGN_STYLE = Automatic;
				CURRENT_PROJECT_VERSION = 1;
				GENERATE_INFOPLIST_FILE = YES;
				INFOPLIST_FILE = EventGuru02/Info.plist;
				INFOPLIST_KEY_UIApplicationSupportsIndirectInputEvents = YES;
				INFOPLIST_KEY_UILaunchStoryboardName = LaunchScreen;
				INFOPLIST_KEY_UIMainStoryboardFile = Main;
				INFOPLIST_KEY_UISupportedInterfaceOrientations_iPad = "UIInterfaceOrientationPortrait UIInterfaceOrientationPortraitUpsideDown UIInterfaceOrientationLandscapeLeft UIInterfaceOrientationLandscapeRight";
				INFOPLIST_KEY_UISupportedInterfaceOrientations_iPhone = "UIInterfaceOrientationPortrait UIInterfaceOrientationLandscapeLeft UIInterfaceOrientationLandscapeRight";
				LD_RUNPATH_SEARCH_PATHS = (
					"$(inherited)",
					"@executable_path/Frameworks",
				);
				MARKETING_VERSION = 1.0;
				PRODUCT_BUNDLE_IDENTIFIER = Section005Group3.EventGuru;
				PRODUCT_NAME = "$(TARGET_NAME)";
				SWIFT_EMIT_LOC_STRINGS = YES;
				SWIFT_VERSION = 5.0;
				TARGETED_DEVICE_FAMILY = "1,2";
			};
			name = Debug;
		};
		3F7FFEA02CF7281A00391A5F /* Release */ = {
			isa = XCBuildConfiguration;
			buildSettings = {
				ASSETCATALOG_COMPILER_APPICON_NAME = AppIcon;
				ASSETCATALOG_COMPILER_GLOBAL_ACCENT_COLOR_NAME = AccentColor;
				CODE_SIGN_STYLE = Automatic;
				CURRENT_PROJECT_VERSION = 1;
				GENERATE_INFOPLIST_FILE = YES;
				INFOPLIST_FILE = EventGuru02/Info.plist;
				INFOPLIST_KEY_UIApplicationSupportsIndirectInputEvents = YES;
				INFOPLIST_KEY_UILaunchStoryboardName = LaunchScreen;
				INFOPLIST_KEY_UIMainStoryboardFile = Main;
				INFOPLIST_KEY_UISupportedInterfaceOrientations_iPad = "UIInterfaceOrientationPortrait UIInterfaceOrientationPortraitUpsideDown UIInterfaceOrientationLandscapeLeft UIInterfaceOrientationLandscapeRight";
				INFOPLIST_KEY_UISupportedInterfaceOrientations_iPhone = "UIInterfaceOrientationPortrait UIInterfaceOrientationLandscapeLeft UIInterfaceOrientationLandscapeRight";
				LD_RUNPATH_SEARCH_PATHS = (
					"$(inherited)",
					"@executable_path/Frameworks",
				);
				MARKETING_VERSION = 1.0;
				PRODUCT_BUNDLE_IDENTIFIER = Section005Group3.EventGuru;
				PRODUCT_NAME = "$(TARGET_NAME)";
				SWIFT_EMIT_LOC_STRINGS = YES;
				SWIFT_VERSION = 5.0;
				TARGETED_DEVICE_FAMILY = "1,2";
			};
			name = Release;
		};
/* End XCBuildConfiguration section */

/* Begin XCConfigurationList section */
		3F7FFE852CF7281900391A5F /* Build configuration list for PBXProject "EventGuru02" */ = {
			isa = XCConfigurationList;
			buildConfigurations = (
				3F7FFE9C2CF7281A00391A5F /* Debug */,
				3F7FFE9D2CF7281A00391A5F /* Release */,
			);
			defaultConfigurationIsVisible = 0;
			defaultConfigurationName = Release;
		};
		3F7FFE9E2CF7281A00391A5F /* Build configuration list for PBXNativeTarget "EventGuru02" */ = {
			isa = XCConfigurationList;
			buildConfigurations = (
				3F7FFE9F2CF7281A00391A5F /* Debug */,
				3F7FFEA02CF7281A00391A5F /* Release */,
			);
			defaultConfigurationIsVisible = 0;
			defaultConfigurationName = Release;
		};
/* End XCConfigurationList section */

/* Begin XCRemoteSwiftPackageReference section */
		3F7FFEA32CF7290A00391A5F /* XCRemoteSwiftPackageReference "firebase-ios-sdk" */ = {
			isa = XCRemoteSwiftPackageReference;
			repositoryURL = "https://github.com/firebase/firebase-ios-sdk";
			requirement = {
				kind = upToNextMajorVersion;
				minimumVersion = 11.5.0;
			};
		};
/* End XCRemoteSwiftPackageReference section */

/* Begin XCSwiftPackageProductDependency section */
		3F1252542D058A1700E25E5F /* FirebaseAuth */ = {
			isa = XCSwiftPackageProductDependency;
			package = 3F7FFEA32CF7290A00391A5F /* XCRemoteSwiftPackageReference "firebase-ios-sdk" */;
			productName = FirebaseAuth;
		};
		3F1252582D058A1700E25E5F /* FirebaseCore */ = {
			isa = XCSwiftPackageProductDependency;
			package = 3F7FFEA32CF7290A00391A5F /* XCRemoteSwiftPackageReference "firebase-ios-sdk" */;
			productName = FirebaseCore;
		};
		3F1252602D058A1700E25E5F /* FirebaseFirestore */ = {
			isa = XCSwiftPackageProductDependency;
			package = 3F7FFEA32CF7290A00391A5F /* XCRemoteSwiftPackageReference "firebase-ios-sdk" */;
			productName = FirebaseFirestore;
		};
/* End XCSwiftPackageProductDependency section */
	};
	rootObject = 3F7FFE822CF7281900391A5F /* Project object */;
}
